{
  "originHash" : "6eb058b421a3c3c9cdb7e8ecc022045fa192c3af4b934ab7ac25e30c8e3ce437",
  "pins" : [
    {
      "identity" : "sakurakit",
      "kind" : "remoteSourceControl",
      "location" : "https://github.com/rryam/SakuraKit.git",
      "state" : {
        "branch" : "main",
        "revision" : "ba4c53746b522f4a58bd3504630db016f12d03b6"
      }
    }
  ],
  "version" : 3
}
