{
  "originHash" : "02a18cec28e70a7e610a556664d10fa18ee51223218cf9c6712153a6d3c839ca",
  "pins" : [
    {
      "identity" : "orb",
      "kind" : "remoteSourceControl",
      "location" : "https://github.com/metasidd/Orb.git",
      "state" : {
        "revision" : "8c5dda85e55638893f37657b56558968c3e11409",
        "version" : "0.2.0"
      }
    },
    {
      "identity" : "sakurakit",
      "kind" : "remoteSourceControl",
      "location" : "https://github.com/rryam/SakuraKit.git",
      "state" : {
        "branch" : "main",
        "revision" : "ba4c53746b522f4a58bd3504630db016f12d03b6"
      }
    }
  ],
  "version" : 3
}
