{
  "originHash" : "8bf0c3eb89fb1af90168d12d5f97e7042a5402c26d2b00697d99f8dd6a9df62a",
  "pins" : [
    {
      "identity" : "orb",
      "kind" : "remoteSourceControl",
      "location" : "https://github.com/itssali/Orb.git",
      "state" : {
        "branch" : "macOS-Support",
        "revision" : "913f13a3351b05291fb0388de3f528c8215dadac"
      }
    },
    {
      "identity" : "sakurakit",
      "kind" : "remoteSourceControl",
      "location" : "https://github.com/rryam/SakuraKit.git",
      "state" : {
        "branch" : "main",
        "revision" : "ba4c53746b522f4a58bd3504630db016f12d03b6"
      }
    }
  ],
  "version" : 3
}
